
Microsoft Visual Studio Solution File, Format Version 12.00
# Visual Studio Version 16
VisualStudioVersion = 16.0.31410.357
MinimumVisualStudioVersion = 10.0.40219.1
Project("{FAE04EC0-301F-11D3-BF4B-00C04F79EFBC}") = "Практос 4", "Практос 4\Практос 4.csproj", "{C955B472-6881-4902-B287-D8836ADE77A8}"
EndProject
Global
	GlobalSection(SolutionConfigurationPlatforms) = preSolution
		Debug|Any CPU = Debug|Any CPU
		Release|Any CPU = Release|Any CPU
	EndGlobalSection
	GlobalSection(ProjectConfigurationPlatforms) = postSolution
		{C955B472-6881-4902-B287-D8836ADE77A8}.Debug|Any CPU.ActiveCfg = Debug|Any CPU
		{C955B472-6881-4902-B287-D8836ADE77A8}.Debug|Any CPU.Build.0 = Debug|Any CPU
		{C955B472-6881-4902-B287-D8836ADE77A8}.Release|Any CPU.ActiveCfg = Release|Any CPU
		{C955B472-6881-4902-B287-D8836ADE77A8}.Release|Any CPU.Build.0 = Release|Any CPU
	EndGlobalSection
	GlobalSection(SolutionProperties) = preSolution
		HideSolutionNode = FALSE
	EndGlobalSection
	GlobalSection(ExtensibilityGlobals) = postSolution
		SolutionGuid = {3FA070C3-906C-4B78-B643-555437257B5F}
	EndGlobalSection
EndGlobal
